// !$*UTF8*$!
{
	archiveVersion = 1;
	classes = {
	};
	objectVersion = 56;
	objects = {

/* Begin PBXBuildFile section */
		5425A7BF2E5884D300C779D9 /* soloApp.swift in Sources */ = {isa = PBXBuildFile; fileRef = 5425A7BE2E5884D300C779D9 /* soloApp.swift */; };
		5425A7C12E5884D300C779D9 /* ContentView.swift in Sources */ = {isa = PBXBuildFile; fileRef = 5425A7C02E5884D300C779D9 /* ContentView.swift */; };
		5425A7C32E5884D600C779D9 /* Assets.xcassets in Resources */ = {isa = PBXBuildFile; fileRef = 5425A7C22E5884D600C779D9 /* Assets.xcassets */; };
		5425A7C62E5884D600C779D9 /* Preview Assets.xcassets in Resources */ = {isa = PBXBuildFile; fileRef = 5425A7C52E5884D600C779D9 /* Preview Assets.xcassets */; };
		5425A7D02E5884D600C779D9 /* soloTests.swift in Sources */ = {isa = PBXBuildFile; fileRef = 5425A7CF2E5884D600C779D9 /* soloTests.swift */; };
		5425A7DA2E5884D600C779D9 /* soloUITests.swift in Sources */ = {isa = PBXBuildFile; fileRef = 5425A7D92E5884D600C779D9 /* soloUITests.swift */; };
		5425A7DC2E5884D600C779D9 /* soloUITestsLaunchTests.swift in Sources */ = {isa = PBXBuildFile; fileRef = 5425A7DB2E5884D600C779D9 /* soloUITestsLaunchTests.swift */; };
		5425A7F12E5F0D0900C779D9 /* NextView.swift in Sources */ = {isa = PBXBuildFile; fileRef = 5425A7F02E5F0D0800C779D9 /* NextView.swift */; };
		5425A7F52E643D9500C779D9 /* Loan.swift in Sources */ = {isa = PBXBuildFile; fileRef = 5425A7F42E643D9500C779D9 /* Loan.swift */; };
		5425A7F72E643F5800C779D9 /* LoansView.swift in Sources */ = {isa = PBXBuildFile; fileRef = 5425A7F62E643F5800C779D9 /* LoansView.swift */; };
		5425A7F92E6443CA00C779D9 /* DetailView.swift in Sources */ = {isa = PBXBuildFile; fileRef = 5425A7F82E6443CA00C779D9 /* DetailView.swift */; };
		5425A7FC2E6459E800C779D9 /* StatusEditView.swift in Sources */ = {isa = PBXBuildFile; fileRef = 5425A7FB2E6459E800C779D9 /* StatusEditView.swift */; };
		5425A7FE2E66E58A00C779D9 /* SwiftUI.swift in Sources */ = {isa = PBXBuildFile; fileRef = 5425A7FD2E66E58A00C779D9 /* SwiftUI.swift */; };
/* End PBXBuildFile section */

/* Begin PBXContainerItemProxy section */
		5425A7CC2E5884D600C779D9 /* PBXContainerItemProxy */ = {
			isa = PBXContainerItemProxy;
			containerPortal = 5425A7B32E5884D300C779D9 /* Project object */;
			proxyType = 1;
			remoteGlobalIDString = 5425A7BA2E5884D300C779D9;
			remoteInfo = solo;
		};
		5425A7D62E5884D600C779D9 /* PBXContainerItemProxy */ = {
			isa = PBXContainerItemProxy;
			containerPortal = 5425A7B32E5884D300C779D9 /* Project object */;
			proxyType = 1;
			remoteGlobalIDString = 5425A7BA2E5884D300C779D9;
			remoteInfo = solo;
		};
/* End PBXContainerItemProxy section */

/* Begin PBXFileReference section */
		5425A7BB2E5884D300C779D9 /* solo.app */ = {isa = PBXFileReference; explicitFileType = wrapper.application; includeInIndex = 0; path = solo.app; sourceTree = BUILT_PRODUCTS_DIR; };
		5425A7BE2E5884D300C779D9 /* soloApp.swift */ = {isa = PBXFileReference; lastKnownFileType = sourcecode.swift; path = soloApp.swift; sourceTree = "<group>"; };
		5425A7C02E5884D300C779D9 /* ContentView.swift */ = {isa = PBXFileReference; lastKnownFileType = sourcecode.swift; path = ContentView.swift; sourceTree = "<group>"; };
		5425A7C22E5884D600C779D9 /* Assets.xcassets */ = {isa = PBXFileReference; lastKnownFileType = folder.assetcatalog; path = Assets.xcassets; sourceTree = "<group>"; };
		5425A7C52E5884D600C779D9 /* Preview Assets.xcassets */ = {isa = PBXFileReference; lastKnownFileType = folder.assetcatalog; path = "Preview Assets.xcassets"; sourceTree = "<group>"; };
		5425A7CB2E5884D600C779D9 /* soloTests.xctest */ = {isa = PBXFileReference; explicitFileType = wrapper.cfbundle; includeInIndex = 0; path = soloTests.xctest; sourceTree = BUILT_PRODUCTS_DIR; };
		5425A7CF2E5884D600C779D9 /* soloTests.swift */ = {isa = PBXFileReference; lastKnownFileType = sourcecode.swift; path = soloTests.swift; sourceTree = "<group>"; };
		5425A7D52E5884D600C779D9 /* soloUITests.xctest */ = {isa = PBXFileReference; explicitFileType = wrapper.cfbundle; includeInIndex = 0; path = soloUITests.xctest; sourceTree = BUILT_PRODUCTS_DIR; };
		5425A7D92E5884D600C779D9 /* soloUITests.swift */ = {isa = PBXFileReference; lastKnownFileType = sourcecode.swift; path = soloUITests.swift; sourceTree = "<group>"; };
		5425A7DB2E5884D600C779D9 /* soloUITestsLaunchTests.swift */ = {isa = PBXFileReference; lastKnownFileType = sourcecode.swift; path = soloUITestsLaunchTests.swift; sourceTree = "<group>"; };
		5425A7F02E5F0D0800C779D9 /* NextView.swift */ = {isa = PBXFileReference; lastKnownFileType = sourcecode.swift; path = NextView.swift; sourceTree = "<group>"; };
		5425A7F42E643D9500C779D9 /* Loan.swift */ = {isa = PBXFileReference; lastKnownFileType = sourcecode.swift; path = Loan.swift; sourceTree = "<group>"; };
		5425A7F62E643F5800C779D9 /* LoansView.swift */ = {isa = PBXFileReference; lastKnownFileType = sourcecode.swift; path = LoansView.swift; sourceTree = "<group>"; };
		5425A7F82E6443CA00C779D9 /* DetailView.swift */ = {isa = PBXFileReference; lastKnownFileType = sourcecode.swift; path = DetailView.swift; sourceTree = "<group>"; };
		5425A7FB2E6459E800C779D9 /* StatusEditView.swift */ = {isa = PBXFileReference; lastKnownFileType = sourcecode.swift; path = StatusEditView.swift; sourceTree = "<group>"; };
		5425A7FD2E66E58A00C779D9 /* SwiftUI.swift */ = {isa = PBXFileReference; lastKnownFileType = sourcecode.swift; path = SwiftUI.swift; sourceTree = "<group>"; };
/* End PBXFileReference section */

/* Begin PBXFrameworksBuildPhase section */
		5425A7B82E5884D300C779D9 /* Frameworks */ = {
			isa = PBXFrameworksBuildPhase;
			buildActionMask = 2147483647;
			files = (
			);
			runOnlyForDeploymentPostprocessing = 0;
		};
		5425A7C82E5884D600C779D9 /* Frameworks */ = {
			isa = PBXFrameworksBuildPhase;
			buildActionMask = 2147483647;
			files = (
			);
			runOnlyForDeploymentPostprocessing = 0;
		};
		5425A7D22E5884D600C779D9 /* Frameworks */ = {
			isa = PBXFrameworksBuildPhase;
			buildActionMask = 2147483647;
			files = (
			);
			runOnlyForDeploymentPostprocessing = 0;
		};
/* End PBXFrameworksBuildPhase section */

/* Begin PBXGroup section */
		5425A7B22E5884D300C779D9 = {
			isa = PBXGroup;
			children = (
				5425A7BD2E5884D300C779D9 /* solo */,
				5425A7CE2E5884D600C779D9 /* soloTests */,
				5425A7D82E5884D600C779D9 /* soloUITests */,
				5425A7BC2E5884D300C779D9 /* Products */,
			);
			sourceTree = "<group>";
		};
		5425A7BC2E5884D300C779D9 /* Products */ = {
			isa = PBXGroup;
			children = (
				5425A7BB2E5884D300C779D9 /* solo.app */,
				5425A7CB2E5884D600C779D9 /* soloTests.xctest */,
				5425A7D52E5884D600C779D9 /* soloUITests.xctest */,
			);
			name = Products;
			sourceTree = "<group>";
		};
		5425A7BD2E5884D300C779D9 /* solo */ = {
			isa = PBXGroup;
			children = (
				5425A7FA2E6443F600C779D9 /* data */,
				5425A7BE2E5884D300C779D9 /* soloApp.swift */,
				5425A7C02E5884D300C779D9 /* ContentView.swift */,
				5425A7C22E5884D600C779D9 /* Assets.xcassets */,
				5425A7C42E5884D600C779D9 /* Preview Content */,
				5425A7F02E5F0D0800C779D9 /* NextView.swift */,
				5425A7F62E643F5800C779D9 /* LoansView.swift */,
				5425A7F82E6443CA00C779D9 /* DetailView.swift */,
				5425A7FB2E6459E800C779D9 /* StatusEditView.swift */,
				5425A7FD2E66E58A00C779D9 /* SwiftUI.swift */,
			);
			path = solo;
			sourceTree = "<group>";
		};
		5425A7C42E5884D600C779D9 /* Preview Content */ = {
			isa = PBXGroup;
			children = (
				5425A7C52E5884D600C779D9 /* Preview Assets.xcassets */,
			);
			path = "Preview Content";
			sourceTree = "<group>";
		};
		5425A7CE2E5884D600C779D9 /* soloTests */ = {
			isa = PBXGroup;
			children = (
				5425A7CF2E5884D600C779D9 /* soloTests.swift */,
			);
			path = soloTests;
			sourceTree = "<group>";
		};
		5425A7D82E5884D600C779D9 /* soloUITests */ = {
			isa = PBXGroup;
			children = (
				5425A7D92E5884D600C779D9 /* soloUITests.swift */,
				5425A7DB2E5884D600C779D9 /* soloUITestsLaunchTests.swift */,
			);
			path = soloUITests;
			sourceTree = "<group>";
		};
		5425A7FA2E6443F600C779D9 /* data */ = {
			isa = PBXGroup;
			children = (
				5425A7F42E643D9500C779D9 /* Loan.swift */,
			);
			path = data;
			sourceTree = "<group>";
		};
/* End PBXGroup section */

/* Begin PBXNativeTarget section */
		5425A7BA2E5884D300C779D9 /* solo */ = {
			isa = PBXNativeTarget;
			buildConfigurationList = 5425A7DF2E5884D600C779D9 /* Build configuration list for PBXNativeTarget "solo" */;
			buildPhases = (
				5425A7B72E5884D300C779D9 /* Sources */,
				5425A7B82E5884D300C779D9 /* Frameworks */,
				5425A7B92E5884D300C779D9 /* Resources */,
			);
			buildRules = (
			);
			dependencies = (
			);
			name = solo;
			productName = solo;
			productReference = 5425A7BB2E5884D300C779D9 /* solo.app */;
			productType = "com.apple.product-type.application";
		};
		5425A7CA2E5884D600C779D9 /* soloTests */ = {
			isa = PBXNativeTarget;
			buildConfigurationList = 5425A7E22E5884D600C779D9 /* Build configuration list for PBXNativeTarget "soloTests" */;
			buildPhases = (
				5425A7C72E5884D600C779D9 /* Sources */,
				5425A7C82E5884D600C779D9 /* Frameworks */,
				5425A7C92E5884D600C779D9 /* Resources */,
			);
			buildRules = (
			);
			dependencies = (
				5425A7CD2E5884D600C779D9 /* PBXTargetDependency */,
			);
			name = soloTests;
			productName = soloTests;
			productReference = 5425A7CB2E5884D600C779D9 /* soloTests.xctest */;
			productType = "com.apple.product-type.bundle.unit-test";
		};
		5425A7D42E5884D600C779D9 /* soloUITests */ = {
			isa = PBXNativeTarget;
			buildConfigurationList = 5425A7E52E5884D600C779D9 /* Build configuration list for PBXNativeTarget "soloUITests" */;
			buildPhases = (
				5425A7D12E5884D600C779D9 /* Sources */,
				5425A7D22E5884D600C779D9 /* Frameworks */,
				5425A7D32E5884D600C779D9 /* Resources */,
			);
			buildRules = (
			);
			dependencies = (
				5425A7D72E5884D600C779D9 /* PBXTargetDependency */,
			);
			name = soloUITests;
			productName = soloUITests;
			productReference = 5425A7D52E5884D600C779D9 /* soloUITests.xctest */;
			productType = "com.apple.product-type.bundle.ui-testing";
		};
/* End PBXNativeTarget section */

/* Begin PBXProject section */
		5425A7B32E5884D300C779D9 /* Project object */ = {
			isa = PBXProject;
			attributes = {
				BuildIndependentTargetsInParallel = 1;
				LastSwiftUpdateCheck = 1520;
				LastUpgradeCheck = 1520;
				TargetAttributes = {
					5425A7BA2E5884D300C779D9 = {
						CreatedOnToolsVersion = 15.2;
					};
					5425A7CA2E5884D600C779D9 = {
						CreatedOnToolsVersion = 15.2;
						TestTargetID = 5425A7BA2E5884D300C779D9;
					};
					5425A7D42E5884D600C779D9 = {
						CreatedOnToolsVersion = 15.2;
						TestTargetID = 5425A7BA2E5884D300C779D9;
					};
				};
			};
			buildConfigurationList = 5425A7B62E5884D300C779D9 /* Build configuration list for PBXProject "solo" */;
			compatibilityVersion = "Xcode 14.0";
			developmentRegion = en;
			hasScannedForEncodings = 0;
			knownRegions = (
				en,
				Base,
			);
			mainGroup = 5425A7B22E5884D300C779D9;
			productRefGroup = 5425A7BC2E5884D300C779D9 /* Products */;
			projectDirPath = "";
			projectRoot = "";
			targets = (
				5425A7BA2E5884D300C779D9 /* solo */,
				5425A7CA2E5884D600C779D9 /* soloTests */,
				5425A7D42E5884D600C779D9 /* soloUITests */,
			);
		};
/* End PBXProject section */

/* Begin PBXResourcesBuildPhase section */
		5425A7B92E5884D300C779D9 /* Resources */ = {
			isa = PBXResourcesBuildPhase;
			buildActionMask = 2147483647;
			files = (
				5425A7C62E5884D600C779D9 /* Preview Assets.xcassets in Resources */,
				5425A7C32E5884D600C779D9 /* Assets.xcassets in Resources */,
			);
			runOnlyForDeploymentPostprocessing = 0;
		};
		5425A7C92E5884D600C779D9 /* Resources */ = {
			isa = PBXResourcesBuildPhase;
			buildActionMask = 2147483647;
			files = (
			);
			runOnlyForDeploymentPostprocessing = 0;
		};
		5425A7D32E5884D600C779D9 /* Resources */ = {
			isa = PBXResourcesBuildPhase;
			buildActionMask = 2147483647;
			files = (
			);
			runOnlyForDeploymentPostprocessing = 0;
		};
/* End PBXResourcesBuildPhase section */

/* Begin PBXSourcesBuildPhase section */
		5425A7B72E5884D300C779D9 /* Sources */ = {
			isa = PBXSourcesBuildPhase;
			buildActionMask = 2147483647;
			files = (
				5425A7C12E5884D300C779D9 /* ContentView.swift in Sources */,
				5425A7F92E6443CA00C779D9 /* DetailView.swift in Sources */,
				5425A7FC2E6459E800C779D9 /* StatusEditView.swift in Sources */,
				5425A7FE2E66E58A00C779D9 /* SwiftUI.swift in Sources */,
				5425A7BF2E5884D300C779D9 /* soloApp.swift in Sources */,
				5425A7F72E643F5800C779D9 /* LoansView.swift in Sources */,
				5425A7F12E5F0D0900C779D9 /* NextView.swift in Sources */,
				5425A7F52E643D9500C779D9 /* Loan.swift in Sources */,
			);
			runOnlyForDeploymentPostprocessing = 0;
		};
		5425A7C72E5884D600C779D9 /* Sources */ = {
			isa = PBXSourcesBuildPhase;
			buildActionMask = 2147483647;
			files = (
				5425A7D02E5884D600C779D9 /* soloTests.swift in Sources */,
			);
			runOnlyForDeploymentPostprocessing = 0;
		};
		5425A7D12E5884D600C779D9 /* Sources */ = {
			isa = PBXSourcesBuildPhase;
			buildActionMask = 2147483647;
			files = (
				5425A7DA2E5884D600C779D9 /* soloUITests.swift in Sources */,
				5425A7DC2E5884D600C779D9 /* soloUITestsLaunchTests.swift in Sources */,
			);
			runOnlyForDeploymentPostprocessing = 0;
		};
/* End PBXSourcesBuildPhase section */

/* Begin PBXTargetDependency section */
		5425A7CD2E5884D600C779D9 /* PBXTargetDependency */ = {
			isa = PBXTargetDependency;
			target = 5425A7BA2E5884D300C779D9 /* solo */;
			targetProxy = 5425A7CC2E5884D600C779D9 /* PBXContainerItemProxy */;
		};
		5425A7D72E5884D600C779D9 /* PBXTargetDependency */ = {
			isa = PBXTargetDependency;
			target = 5425A7BA2E5884D300C779D9 /* solo */;
			targetProxy = 5425A7D62E5884D600C779D9 /* PBXContainerItemProxy */;
		};
/* End PBXTargetDependency section */

/* Begin XCBuildConfiguration section */
		5425A7DD2E5884D600C779D9 /* Debug */ = {
			isa = XCBuildConfiguration;
			buildSettings = {
				ALWAYS_SEARCH_USER_PATHS = NO;
				ASSETCATALOG_COMPILER_GENERATE_SWIFT_ASSET_SYMBOL_EXTENSIONS = YES;
				CLANG_ANALYZER_NONNULL = YES;
				CLANG_ANALYZER_NUMBER_OBJECT_CONVERSION = YES_AGGRESSIVE;
				CLANG_CXX_LANGUAGE_STANDARD = "gnu++20";
				CLANG_ENABLE_MODULES = YES;
				CLANG_ENABLE_OBJC_ARC = YES;
				CLANG_ENABLE_OBJC_WEAK = YES;
				CLANG_WARN_BLOCK_CAPTURE_AUTORELEASING = YES;
				CLANG_WARN_BOOL_CONVERSION = YES;
				CLANG_WARN_COMMA = YES;
				CLANG_WARN_CONSTANT_CONVERSION = YES;
				CLANG_WARN_DEPRECATED_OBJC_IMPLEMENTATIONS = YES;
				CLANG_WARN_DIRECT_OBJC_ISA_USAGE = YES_ERROR;
				CLANG_WARN_DOCUMENTATION_COMMENTS = YES;
				CLANG_WARN_EMPTY_BODY = YES;
				CLANG_WARN_ENUM_CONVERSION = YES;
				CLANG_WARN_INFINITE_RECURSION = YES;
				CLANG_WARN_INT_CONVERSION = YES;
				CLANG_WARN_NON_LITERAL_NULL_CONVERSION = YES;
				CLANG_WARN_OBJC_IMPLICIT_RETAIN_SELF = YES;
				CLANG_WARN_OBJC_LITERAL_CONVERSION = YES;
				CLANG_WARN_OBJC_ROOT_CLASS = YES_ERROR;
				CLANG_WARN_QUOTED_INCLUDE_IN_FRAMEWORK_HEADER = YES;
				CLANG_WARN_RANGE_LOOP_ANALYSIS = YES;
				CLANG_WARN_STRICT_PROTOTYPES = YES;
				CLANG_WARN_SUSPICIOUS_MOVE = YES;
				CLANG_WARN_UNGUARDED_AVAILABILITY = YES_AGGRESSIVE;
				CLANG_WARN_UNREACHABLE_CODE = YES;
				CLANG_WARN__DUPLICATE_METHOD_MATCH = YES;
				COPY_PHASE_STRIP = NO;
				DEBUG_INFORMATION_FORMAT = dwarf;
				ENABLE_STRICT_OBJC_MSGSEND = YES;
				ENABLE_TESTABILITY = YES;
				ENABLE_USER_SCRIPT_SANDBOXING = YES;
				GCC_C_LANGUAGE_STANDARD = gnu17;
				GCC_DYNAMIC_NO_PIC = NO;
				GCC_NO_COMMON_BLOCKS = YES;
				GCC_OPTIMIZATION_LEVEL = 0;
				GCC_PREPROCESSOR_DEFINITIONS = (
					"DEBUG=1",
					"$(inherited)",
				);
				GCC_WARN_64_TO_32_BIT_CONVERSION = YES;
				GCC_WARN_ABOUT_RETURN_TYPE = YES_ERROR;
				GCC_WARN_UNDECLARED_SELECTOR = YES;
				GCC_WARN_UNINITIALIZED_AUTOS = YES_AGGRESSIVE;
				GCC_WARN_UNUSED_FUNCTION = YES;
				GCC_WARN_UNUSED_VARIABLE = YES;
				IPHONEOS_DEPLOYMENT_TARGET = 17.2;
				LOCALIZATION_PREFERS_STRING_CATALOGS = YES;
				MTL_ENABLE_DEBUG_INFO = INCLUDE_SOURCE;
				MTL_FAST_MATH = YES;
				ONLY_ACTIVE_ARCH = YES;
				SDKROOT = iphoneos;
				SWIFT_ACTIVE_COMPILATION_CONDITIONS = "DEBUG $(inherited)";
				SWIFT_OPTIMIZATION_LEVEL = "-Onone";
			};
			name = Debug;
		};
		5425A7DE2E5884D600C779D9 /* Release */ = {
			isa = XCBuildConfiguration;
			buildSettings = {
				ALWAYS_SEARCH_USER_PATHS = NO;
				ASSETCATALOG_COMPILER_GENERATE_SWIFT_ASSET_SYMBOL_EXTENSIONS = YES;
				CLANG_ANALYZER_NONNULL = YES;
				CLANG_ANALYZER_NUMBER_OBJECT_CONVERSION = YES_AGGRESSIVE;
				CLANG_CXX_LANGUAGE_STANDARD = "gnu++20";
				CLANG_ENABLE_MODULES = YES;
				CLANG_ENABLE_OBJC_ARC = YES;
				CLANG_ENABLE_OBJC_WEAK = YES;
				CLANG_WARN_BLOCK_CAPTURE_AUTORELEASING = YES;
				CLANG_WARN_BOOL_CONVERSION = YES;
				CLANG_WARN_COMMA = YES;
				CLANG_WARN_CONSTANT_CONVERSION = YES;
				CLANG_WARN_DEPRECATED_OBJC_IMPLEMENTATIONS = YES;
				CLANG_WARN_DIRECT_OBJC_ISA_USAGE = YES_ERROR;
				CLANG_WARN_DOCUMENTATION_COMMENTS = YES;
				CLANG_WARN_EMPTY_BODY = YES;
				CLANG_WARN_ENUM_CONVERSION = YES;
				CLANG_WARN_INFINITE_RECURSION = YES;
				CLANG_WARN_INT_CONVERSION = YES;
				CLANG_WARN_NON_LITERAL_NULL_CONVERSION = YES;
				CLANG_WARN_OBJC_IMPLICIT_RETAIN_SELF = YES;
				CLANG_WARN_OBJC_LITERAL_CONVERSION = YES;
				CLANG_WARN_OBJC_ROOT_CLASS = YES_ERROR;
				CLANG_WARN_QUOTED_INCLUDE_IN_FRAMEWORK_HEADER = YES;
				CLANG_WARN_RANGE_LOOP_ANALYSIS = YES;
				CLANG_WARN_STRICT_PROTOTYPES = YES;
				CLANG_WARN_SUSPICIOUS_MOVE = YES;
				CLANG_WARN_UNGUARDED_AVAILABILITY = YES_AGGRESSIVE;
				CLANG_WARN_UNREACHABLE_CODE = YES;
				CLANG_WARN__DUPLICATE_METHOD_MATCH = YES;
				COPY_PHASE_STRIP = NO;
				DEBUG_INFORMATION_FORMAT = "dwarf-with-dsym";
				ENABLE_NS_ASSERTIONS = NO;
				ENABLE_STRICT_OBJC_MSGSEND = YES;
				ENABLE_USER_SCRIPT_SANDBOXING = YES;
				GCC_C_LANGUAGE_STANDARD = gnu17;
				GCC_NO_COMMON_BLOCKS = YES;
				GCC_WARN_64_TO_32_BIT_CONVERSION = YES;
				GCC_WARN_ABOUT_RETURN_TYPE = YES_ERROR;
				GCC_WARN_UNDECLARED_SELECTOR = YES;
				GCC_WARN_UNINITIALIZED_AUTOS = YES_AGGRESSIVE;
				GCC_WARN_UNUSED_FUNCTION = YES;
				GCC_WARN_UNUSED_VARIABLE = YES;
				IPHONEOS_DEPLOYMENT_TARGET = 17.2;
				LOCALIZATION_PREFERS_STRING_CATALOGS = YES;
				MTL_ENABLE_DEBUG_INFO = NO;
				MTL_FAST_MATH = YES;
				SDKROOT = iphoneos;
				SWIFT_COMPILATION_MODE = wholemodule;
				VALIDATE_PRODUCT = YES;
			};
			name = Release;
		};
		5425A7E02E5884D600C779D9 /* Debug */ = {
			isa = XCBuildConfiguration;
			buildSettings = {
				ASSETCATALOG_COMPILER_APPICON_NAME = AppIcon;
				ASSETCATALOG_COMPILER_GLOBAL_ACCENT_COLOR_NAME = AccentColor;
				CODE_SIGN_STYLE = Automatic;
				CURRENT_PROJECT_VERSION = 1;
				DEVELOPMENT_ASSET_PATHS = "\"solo/Preview Content\"";
				ENABLE_PREVIEWS = YES;
				GENERATE_INFOPLIST_FILE = YES;
				INFOPLIST_KEY_UIApplicationSceneManifest_Generation = YES;
				INFOPLIST_KEY_UIApplicationSupportsIndirectInputEvents = YES;
				INFOPLIST_KEY_UILaunchScreen_Generation = YES;
				INFOPLIST_KEY_UILaunchStoryboardName = LaunchScreen.storyboard;
				INFOPLIST_KEY_UISupportedInterfaceOrientations_iPad = "UIInterfaceOrientationPortrait UIInterfaceOrientationPortraitUpsideDown UIInterfaceOrientationLandscapeLeft UIInterfaceOrientationLandscapeRight";
				INFOPLIST_KEY_UISupportedInterfaceOrientations_iPhone = "UIInterfaceOrientationPortrait UIInterfaceOrientationLandscapeLeft UIInterfaceOrientationLandscapeRight";
				LD_RUNPATH_SEARCH_PATHS = (
					"$(inherited)",
					"@executable_path/Frameworks",
				);
				MARKETING_VERSION = 1.0;
				PRODUCT_BUNDLE_IDENTIFIER = test.solo;
				PRODUCT_NAME = "$(TARGET_NAME)";
				SWIFT_EMIT_LOC_STRINGS = YES;
				SWIFT_VERSION = 5.0;
				TARGETED_DEVICE_FAMILY = "1,2";
			};
			name = Debug;
		};
		5425A7E12E5884D600C779D9 /* Release */ = {
			isa = XCBuildConfiguration;
			buildSettings = {
				ASSETCATALOG_COMPILER_APPICON_NAME = AppIcon;
				ASSETCATALOG_COMPILER_GLOBAL_ACCENT_COLOR_NAME = AccentColor;
				CODE_SIGN_STYLE = Automatic;
				CURRENT_PROJECT_VERSION = 1;
				DEVELOPMENT_ASSET_PATHS = "\"solo/Preview Content\"";
				ENABLE_PREVIEWS = YES;
				GENERATE_INFOPLIST_FILE = YES;
				INFOPLIST_KEY_UIApplicationSceneManifest_Generation = YES;
				INFOPLIST_KEY_UIApplicationSupportsIndirectInputEvents = YES;
				INFOPLIST_KEY_UILaunchScreen_Generation = YES;
				INFOPLIST_KEY_UILaunchStoryboardName = LaunchScreen.storyboard;
				INFOPLIST_KEY_UISupportedInterfaceOrientations_iPad = "UIInterfaceOrientationPortrait UIInterfaceOrientationPortraitUpsideDown UIInterfaceOrientationLandscapeLeft UIInterfaceOrientationLandscapeRight";
				INFOPLIST_KEY_UISupportedInterfaceOrientations_iPhone = "UIInterfaceOrientationPortrait UIInterfaceOrientationLandscapeLeft UIInterfaceOrientationLandscapeRight";
				LD_RUNPATH_SEARCH_PATHS = (
					"$(inherited)",
					"@executable_path/Frameworks",
				);
				MARKETING_VERSION = 1.0;
				PRODUCT_BUNDLE_IDENTIFIER = test.solo;
				PRODUCT_NAME = "$(TARGET_NAME)";
				SWIFT_EMIT_LOC_STRINGS = YES;
				SWIFT_VERSION = 5.0;
				TARGETED_DEVICE_FAMILY = "1,2";
			};
			name = Release;
		};
		5425A7E32E5884D600C779D9 /* Debug */ = {
			isa = XCBuildConfiguration;
			buildSettings = {
				ALWAYS_EMBED_SWIFT_STANDARD_LIBRARIES = YES;
				BUNDLE_LOADER = "$(TEST_HOST)";
				CODE_SIGN_STYLE = Automatic;
				CURRENT_PROJECT_VERSION = 1;
				GENERATE_INFOPLIST_FILE = YES;
				IPHONEOS_DEPLOYMENT_TARGET = 17.2;
				MARKETING_VERSION = 1.0;
				PRODUCT_BUNDLE_IDENTIFIER = test.soloTests;
				PRODUCT_NAME = "$(TARGET_NAME)";
				SWIFT_EMIT_LOC_STRINGS = NO;
				SWIFT_VERSION = 5.0;
				TARGETED_DEVICE_FAMILY = "1,2";
				TEST_HOST = "$(BUILT_PRODUCTS_DIR)/solo.app/$(BUNDLE_EXECUTABLE_FOLDER_PATH)/solo";
			};
			name = Debug;
		};
		5425A7E42E5884D600C779D9 /* Release */ = {
			isa = XCBuildConfiguration;
			buildSettings = {
				ALWAYS_EMBED_SWIFT_STANDARD_LIBRARIES = YES;
				BUNDLE_LOADER = "$(TEST_HOST)";
				CODE_SIGN_STYLE = Automatic;
				CURRENT_PROJECT_VERSION = 1;
				GENERATE_INFOPLIST_FILE = YES;
				IPHONEOS_DEPLOYMENT_TARGET = 17.2;
				MARKETING_VERSION = 1.0;
				PRODUCT_BUNDLE_IDENTIFIER = test.soloTests;
				PRODUCT_NAME = "$(TARGET_NAME)";
				SWIFT_EMIT_LOC_STRINGS = NO;
				SWIFT_VERSION = 5.0;
				TARGETED_DEVICE_FAMILY = "1,2";
				TEST_HOST = "$(BUILT_PRODUCTS_DIR)/solo.app/$(BUNDLE_EXECUTABLE_FOLDER_PATH)/solo";
			};
			name = Release;
		};
		5425A7E62E5884D600C779D9 /* Debug */ = {
			isa = XCBuildConfiguration;
			buildSettings = {
				ALWAYS_EMBED_SWIFT_STANDARD_LIBRARIES = YES;
				CODE_SIGN_STYLE = Automatic;
				CURRENT_PROJECT_VERSION = 1;
				GENERATE_INFOPLIST_FILE = YES;
				MARKETING_VERSION = 1.0;
				PRODUCT_BUNDLE_IDENTIFIER = test.soloUITests;
				PRODUCT_NAME = "$(TARGET_NAME)";
				SWIFT_EMIT_LOC_STRINGS = NO;
				SWIFT_VERSION = 5.0;
				TARGETED_DEVICE_FAMILY = "1,2";
				TEST_TARGET_NAME = solo;
			};
			name = Debug;
		};
		5425A7E72E5884D600C779D9 /* Release */ = {
			isa = XCBuildConfiguration;
			buildSettings = {
				ALWAYS_EMBED_SWIFT_STANDARD_LIBRARIES = YES;
				CODE_SIGN_STYLE = Automatic;
				CURRENT_PROJECT_VERSION = 1;
				GENERATE_INFOPLIST_FILE = YES;
				MARKETING_VERSION = 1.0;
				PRODUCT_BUNDLE_IDENTIFIER = test.soloUITests;
				PRODUCT_NAME = "$(TARGET_NAME)";
				SWIFT_EMIT_LOC_STRINGS = NO;
				SWIFT_VERSION = 5.0;
				TARGETED_DEVICE_FAMILY = "1,2";
				TEST_TARGET_NAME = solo;
			};
			name = Release;
		};
/* End XCBuildConfiguration section */

/* Begin XCConfigurationList section */
		5425A7B62E5884D300C779D9 /* Build configuration list for PBXProject "solo" */ = {
			isa = XCConfigurationList;
			buildConfigurations = (
				5425A7DD2E5884D600C779D9 /* Debug */,
				5425A7DE2E5884D600C779D9 /* Release */,
			);
			defaultConfigurationIsVisible = 0;
			defaultConfigurationName = Release;
		};
		5425A7DF2E5884D600C779D9 /* Build configuration list for PBXNativeTarget "solo" */ = {
			isa = XCConfigurationList;
			buildConfigurations = (
				5425A7E02E5884D600C779D9 /* Debug */,
				5425A7E12E5884D600C779D9 /* Release */,
			);
			defaultConfigurationIsVisible = 0;
			defaultConfigurationName = Release;
		};
		5425A7E22E5884D600C779D9 /* Build configuration list for PBXNativeTarget "soloTests" */ = {
			isa = XCConfigurationList;
			buildConfigurations = (
				5425A7E32E5884D600C779D9 /* Debug */,
				5425A7E42E5884D600C779D9 /* Release */,
			);
			defaultConfigurationIsVisible = 0;
			defaultConfigurationName = Release;
		};
		5425A7E52E5884D600C779D9 /* Build configuration list for PBXNativeTarget "soloUITests" */ = {
			isa = XCConfigurationList;
			buildConfigurations = (
				5425A7E62E5884D600C779D9 /* Debug */,
				5425A7E72E5884D600C779D9 /* Release */,
			);
			defaultConfigurationIsVisible = 0;
			defaultConfigurationName = Release;
		};
/* End XCConfigurationList section */
	};
	rootObject = 5425A7B32E5884D300C779D9 /* Project object */;
}
